// !$*UTF8*$!
{
	archiveVersion = 1;
	classes = {
	};
	objectVersion = 46;
	objects = {

/* Begin PBXBuildFile section */
		95ADA7921B7687B80047F3DC /* txt.icns in Resources */ = {isa = PBXBuildFile; fileRef = 95ADA7911B7687B80047F3DC /* txt.icns */; };
		95BAC2FC1B6574F400767A8E /* AppDelegate.swift in Sources */ = {isa = PBXBuildFile; fileRef = 95BAC2FB1B6574F400767A8E /* AppDelegate.swift */; };
		95BAC2FE1B6574F400767A8E /* Document.swift in Sources */ = {isa = PBXBuildFile; fileRef = 95BAC2FD1B6574F400767A8E /* Document.swift */; };
		95BAC3011B6574F400767A8E /* Document.xib in Resources */ = {isa = PBXBuildFile; fileRef = 95BAC2FF1B6574F400767A8E /* Document.xib */; };
		95BAC3031B6574F400767A8E /* Images.xcassets in Resources */ = {isa = PBXBuildFile; fileRef = 95BAC3021B6574F400767A8E /* Images.xcassets */; };
		95BAC3061B6574F400767A8E /* MainMenu.xib in Resources */ = {isa = PBXBuildFile; fileRef = 95BAC3041B6574F400767A8E /* MainMenu.xib */; };
		95BAC3121B6574F400767A8E /* RaiseManTests.swift in Sources */ = {isa = PBXBuildFile; fileRef = 95BAC3111B6574F400767A8E /* RaiseManTests.swift */; };
		95BAC31C1B65752E00767A8E /* Employee.swift in Sources */ = {isa = PBXBuildFile; fileRef = 95BAC31B1B65752E00767A8E /* Employee.swift */; };
/* End PBXBuildFile section */

/* Begin PBXContainerItemProxy section */
		95BAC30C1B6574F400767A8E /* PBXContainerItemProxy */ = {
			isa = PBXContainerItemProxy;
			containerPortal = 95BAC2EE1B6574F400767A8E /* Project object */;
			proxyType = 1;
			remoteGlobalIDString = 95BAC2F51B6574F400767A8E;
			remoteInfo = RaiseMan;
		};
/* End PBXContainerItemProxy section */

/* Begin PBXFileReference section */
		95ADA7911B7687B80047F3DC /* txt.icns */ = {isa = PBXFileReference; lastKnownFileType = image.icns; path = txt.icns; sourceTree = "<group>"; };
		95BAC2F61B6574F400767A8E /* RaiseMan.app */ = {isa = PBXFileReference; explicitFileType = wrapper.application; includeInIndex = 0; path = RaiseMan.app; sourceTree = BUILT_PRODUCTS_DIR; };
		95BAC2FA1B6574F400767A8E /* Info.plist */ = {isa = PBXFileReference; lastKnownFileType = text.plist.xml; path = Info.plist; sourceTree = "<group>"; };
		95BAC2FB1B6574F400767A8E /* AppDelegate.swift */ = {isa = PBXFileReference; lastKnownFileType = sourcecode.swift; path = AppDelegate.swift; sourceTree = "<group>"; };
		95BAC2FD1B6574F400767A8E /* Document.swift */ = {isa = PBXFileReference; lastKnownFileType = sourcecode.swift; path = Document.swift; sourceTree = "<group>"; };
		95BAC3001B6574F400767A8E /* Base */ = {isa = PBXFileReference; lastKnownFileType = file.xib; name = Base; path = Base.lproj/Document.xib; sourceTree = "<group>"; };
		95BAC3021B6574F400767A8E /* Images.xcassets */ = {isa = PBXFileReference; lastKnownFileType = folder.assetcatalog; path = Images.xcassets; sourceTree = "<group>"; };
		95BAC3051B6574F400767A8E /* Base */ = {isa = PBXFileReference; lastKnownFileType = file.xib; name = Base; path = Base.lproj/MainMenu.xib; sourceTree = "<group>"; };
		95BAC30B1B6574F400767A8E /* RaiseManTests.xctest */ = {isa = PBXFileReference; explicitFileType = wrapper.cfbundle; includeInIndex = 0; path = RaiseManTests.xctest; sourceTree = BUILT_PRODUCTS_DIR; };
		95BAC3101B6574F400767A8E /* Info.plist */ = {isa = PBXFileReference; lastKnownFileType = text.plist.xml; path = Info.plist; sourceTree = "<group>"; };
		95BAC3111B6574F400767A8E /* RaiseManTests.swift */ = {isa = PBXFileReference; lastKnownFileType = sourcecode.swift; path = RaiseManTests.swift; sourceTree = "<group>"; };
		95BAC31B1B65752E00767A8E /* Employee.swift */ = {isa = PBXFileReference; fileEncoding = 4; lastKnownFileType = sourcecode.swift; path = Employee.swift; sourceTree = "<group>"; };
/* End PBXFileReference section */

/* Begin PBXFrameworksBuildPhase section */
		95BAC2F31B6574F400767A8E /* Frameworks */ = {
			isa = PBXFrameworksBuildPhase;
			buildActionMask = 2147483647;
			files = (
			);
			runOnlyForDeploymentPostprocessing = 0;
		};
		95BAC3081B6574F400767A8E /* Frameworks */ = {
			isa = PBXFrameworksBuildPhase;
			buildActionMask = 2147483647;
			files = (
			);
			runOnlyForDeploymentPostprocessing = 0;
		};
/* End PBXFrameworksBuildPhase section */

/* Begin PBXGroup section */
		95BAC2ED1B6574F400767A8E = {
			isa = PBXGroup;
			children = (
				95BAC2F81B6574F400767A8E /* RaiseMan */,
				95BAC30E1B6574F400767A8E /* RaiseManTests */,
				95BAC2F71B6574F400767A8E /* Products */,
			);
			sourceTree = "<group>";
		};
		95BAC2F71B6574F400767A8E /* Products */ = {
			isa = PBXGroup;
			children = (
				95BAC2F61B6574F400767A8E /* RaiseMan.app */,
				95BAC30B1B6574F400767A8E /* RaiseManTests.xctest */,
			);
			name = Products;
			sourceTree = "<group>";
		};
		95BAC2F81B6574F400767A8E /* RaiseMan */ = {
			isa = PBXGroup;
			children = (
				95BAC2FB1B6574F400767A8E /* AppDelegate.swift */,
				95BAC2FD1B6574F400767A8E /* Document.swift */,
				95BAC2FF1B6574F400767A8E /* Document.xib */,
				95BAC3021B6574F400767A8E /* Images.xcassets */,
				95BAC3041B6574F400767A8E /* MainMenu.xib */,
				95BAC2F91B6574F400767A8E /* Supporting Files */,
				95BAC31B1B65752E00767A8E /* Employee.swift */,
			);
			path = RaiseMan;
			sourceTree = "<group>";
		};
		95BAC2F91B6574F400767A8E /* Supporting Files */ = {
			isa = PBXGroup;
			children = (
				95BAC2FA1B6574F400767A8E /* Info.plist */,
				95ADA7911B7687B80047F3DC /* txt.icns */,
			);
			name = "Supporting Files";
			sourceTree = "<group>";
		};
		95BAC30E1B6574F400767A8E /* RaiseManTests */ = {
			isa = PBXGroup;
			children = (
				95BAC3111B6574F400767A8E /* RaiseManTests.swift */,
				95BAC30F1B6574F400767A8E /* Supporting Files */,
			);
			path = RaiseManTests;
			sourceTree = "<group>";
		};
		95BAC30F1B6574F400767A8E /* Supporting Files */ = {
			isa = PBXGroup;
			children = (
				95BAC3101B6574F400767A8E /* Info.plist */,
			);
			name = "Supporting Files";
			sourceTree = "<group>";
		};
/* End PBXGroup section */

/* Begin PBXNativeTarget section */
		95BAC2F51B6574F400767A8E /* RaiseMan */ = {
			isa = PBXNativeTarget;
			buildConfigurationList = 95BAC3151B6574F400767A8E /* Build configuration list for PBXNativeTarget "RaiseMan" */;
			buildPhases = (
				95BAC2F21B6574F400767A8E /* Sources */,
				95BAC2F31B6574F400767A8E /* Frameworks */,
				95BAC2F41B6574F400767A8E /* Resources */,
			);
			buildRules = (
			);
			dependencies = (
			);
			name = RaiseMan;
			productName = RaiseMan;
			productReference = 95BAC2F61B6574F400767A8E /* RaiseMan.app */;
			productType = "com.apple.product-type.application";
		};
		95BAC30A1B6574F400767A8E /* RaiseManTests */ = {
			isa = PBXNativeTarget;
			buildConfigurationList = 95BAC3181B6574F400767A8E /* Build configuration list for PBXNativeTarget "RaiseManTests" */;
			buildPhases = (
				95BAC3071B6574F400767A8E /* Sources */,
				95BAC3081B6574F400767A8E /* Frameworks */,
				95BAC3091B6574F400767A8E /* Resources */,
			);
			buildRules = (
			);
			dependencies = (
				95BAC30D1B6574F400767A8E /* PBXTargetDependency */,
			);
			name = RaiseManTests;
			productName = RaiseManTests;
			productReference = 95BAC30B1B6574F400767A8E /* RaiseManTests.xctest */;
			productType = "com.apple.product-type.bundle.unit-test";
		};
/* End PBXNativeTarget section */

/* Begin PBXProject section */
		95BAC2EE1B6574F400767A8E /* Project object */ = {
			isa = PBXProject;
			attributes = {
				LastUpgradeCheck = 0640;
				ORGANIZATIONNAME = "Mattias Brand";
				TargetAttributes = {
					95BAC2F51B6574F400767A8E = {
						CreatedOnToolsVersion = 6.4;
					};
					95BAC30A1B6574F400767A8E = {
						CreatedOnToolsVersion = 6.4;
						TestTargetID = 95BAC2F51B6574F400767A8E;
					};
				};
			};
			buildConfigurationList = 95BAC2F11B6574F400767A8E /* Build configuration list for PBXProject "RaiseMan" */;
			compatibilityVersion = "Xcode 3.2";
			developmentRegion = English;
			hasScannedForEncodings = 0;
			knownRegions = (
				en,
				Base,
			);
			mainGroup = 95BAC2ED1B6574F400767A8E;
			productRefGroup = 95BAC2F71B6574F400767A8E /* Products */;
			projectDirPath = "";
			projectRoot = "";
			targets = (
				95BAC2F51B6574F400767A8E /* RaiseMan */,
				95BAC30A1B6574F400767A8E /* RaiseManTests */,
			);
		};
/* End PBXProject section */

/* Begin PBXResourcesBuildPhase section */
		95BAC2F41B6574F400767A8E /* Resources */ = {
			isa = PBXResourcesBuildPhase;
			buildActionMask = 2147483647;
			files = (
				95BAC3011B6574F400767A8E /* Document.xib in Resources */,
				95BAC3031B6574F400767A8E /* Images.xcassets in Resources */,
				95BAC3061B6574F400767A8E /* MainMenu.xib in Resources */,
				95ADA7921B7687B80047F3DC /* txt.icns in Resources */,
			);
			runOnlyForDeploymentPostprocessing = 0;
		};
		95BAC3091B6574F400767A8E /* Resources */ = {
			isa = PBXResourcesBuildPhase;
			buildActionMask = 2147483647;
			files = (
			);
			runOnlyForDeploymentPostprocessing = 0;
		};
/* End PBXResourcesBuildPhase section */

/* Begin PBXSourcesBuildPhase section */
		95BAC2F21B6574F400767A8E /* Sources */ = {
			isa = PBXSourcesBuildPhase;
			buildActionMask = 2147483647;
			files = (
				95BAC2FE1B6574F400767A8E /* Document.swift in Sources */,
				95BAC31C1B65752E00767A8E /* Employee.swift in Sources */,
				95BAC2FC1B6574F400767A8E /* AppDelegate.swift in Sources */,
			);
			runOnlyForDeploymentPostprocessing = 0;
		};
		95BAC3071B6574F400767A8E /* Sources */ = {
			isa = PBXSourcesBuildPhase;
			buildActionMask = 2147483647;
			files = (
				95BAC3121B6574F400767A8E /* RaiseManTests.swift in Sources */,
			);
			runOnlyForDeploymentPostprocessing = 0;
		};
/* End PBXSourcesBuildPhase section */

/* Begin PBXTargetDependency section */
		95BAC30D1B6574F400767A8E /* PBXTargetDependency */ = {
			isa = PBXTargetDependency;
			target = 95BAC2F51B6574F400767A8E /* RaiseMan */;
			targetProxy = 95BAC30C1B6574F400767A8E /* PBXContainerItemProxy */;
		};
/* End PBXTargetDependency section */

/* Begin PBXVariantGroup section */
		95BAC2FF1B6574F400767A8E /* Document.xib */ = {
			isa = PBXVariantGroup;
			children = (
				95BAC3001B6574F400767A8E /* Base */,
			);
			name = Document.xib;
			sourceTree = "<group>";
		};
		95BAC3041B6574F400767A8E /* MainMenu.xib */ = {
			isa = PBXVariantGroup;
			children = (
				95BAC3051B6574F400767A8E /* Base */,
			);
			name = MainMenu.xib;
			sourceTree = "<group>";
		};
/* End PBXVariantGroup section */

/* Begin XCBuildConfiguration section */
		95BAC3131B6574F400767A8E /* Debug */ = {
			isa = XCBuildConfiguration;
			buildSettings = {
				ALWAYS_SEARCH_USER_PATHS = NO;
				CLANG_CXX_LANGUAGE_STANDARD = "gnu++0x";
				CLANG_CXX_LIBRARY = "libc++";
				CLANG_ENABLE_MODULES = YES;
				CLANG_ENABLE_OBJC_ARC = YES;
				CLANG_WARN_BOOL_CONVERSION = YES;
				CLANG_WARN_CONSTANT_CONVERSION = YES;
				CLANG_WARN_DIRECT_OBJC_ISA_USAGE = YES_ERROR;
				CLANG_WARN_EMPTY_BODY = YES;
				CLANG_WARN_ENUM_CONVERSION = YES;
				CLANG_WARN_INT_CONVERSION = YES;
				CLANG_WARN_OBJC_ROOT_CLASS = YES_ERROR;
				CLANG_WARN_UNREACHABLE_CODE = YES;
				CLANG_WARN__DUPLICATE_METHOD_MATCH = YES;
				CODE_SIGN_IDENTITY = "-";
				COPY_PHASE_STRIP = NO;
				DEBUG_INFORMATION_FORMAT = dwarf;
				ENABLE_STRICT_OBJC_MSGSEND = YES;
				GCC_C_LANGUAGE_STANDARD = gnu99;
				GCC_DYNAMIC_NO_PIC = NO;
				GCC_NO_COMMON_BLOCKS = YES;
				GCC_OPTIMIZATION_LEVEL = 0;
				GCC_PREPROCESSOR_DEFINITIONS = (
					"DEBUG=1",
					"$(inherited)",
				);
				GCC_SYMBOLS_PRIVATE_EXTERN = NO;
				GCC_WARN_64_TO_32_BIT_CONVERSION = YES;
				GCC_WARN_ABOUT_RETURN_TYPE = YES_ERROR;
				GCC_WARN_UNDECLARED_SELECTOR = YES;
				GCC_WARN_UNINITIALIZED_AUTOS = YES_AGGRESSIVE;
				GCC_WARN_UNUSED_FUNCTION = YES;
				GCC_WARN_UNUSED_VARIABLE = YES;
				MACOSX_DEPLOYMENT_TARGET = 10.10;
				MTL_ENABLE_DEBUG_INFO = YES;
				ONLY_ACTIVE_ARCH = YES;
				SDKROOT = macosx;
				SWIFT_OPTIMIZATION_LEVEL = "-Onone";
			};
			name = Debug;
		};
		95BAC3141B6574F400767A8E /* Release */ = {
			isa = XCBuildConfiguration;
			buildSettings = {
				ALWAYS_SEARCH_USER_PATHS = NO;
				CLANG_CXX_LANGUAGE_STANDARD = "gnu++0x";
				CLANG_CXX_LIBRARY = "libc++";
				CLANG_ENABLE_MODULES = YES;
				CLANG_ENABLE_OBJC_ARC = YES;
				CLANG_WARN_BOOL_CONVERSION = YES;
				CLANG_WARN_CONSTANT_CONVERSION = YES;
				CLANG_WARN_DIRECT_OBJC_ISA_USAGE = YES_ERROR;
				CLANG_WARN_EMPTY_BODY = YES;
				CLANG_WARN_ENUM_CONVERSION = YES;
				CLANG_WARN_INT_CONVERSION = YES;
				CLANG_WARN_OBJC_ROOT_CLASS = YES_ERROR;
				CLANG_WARN_UNREACHABLE_CODE = YES;
				CLANG_WARN__DUPLICATE_METHOD_MATCH = YES;
				CODE_SIGN_IDENTITY = "-";
				COPY_PHASE_STRIP = NO;
				DEBUG_INFORMATION_FORMAT = "dwarf-with-dsym";
				ENABLE_NS_ASSERTIONS = NO;
				ENABLE_STRICT_OBJC_MSGSEND = YES;
				GCC_C_LANGUAGE_STANDARD = gnu99;
				GCC_NO_COMMON_BLOCKS = YES;
				GCC_WARN_64_TO_32_BIT_CONVERSION = YES;
				GCC_WARN_ABOUT_RETURN_TYPE = YES_ERROR;
				GCC_WARN_UNDECLARED_SELECTOR = YES;
				GCC_WARN_UNINITIALIZED_AUTOS = YES_AGGRESSIVE;
				GCC_WARN_UNUSED_FUNCTION = YES;
				GCC_WARN_UNUSED_VARIABLE = YES;
				MACOSX_DEPLOYMENT_TARGET = 10.10;
				MTL_ENABLE_DEBUG_INFO = NO;
				SDKROOT = macosx;
			};
			name = Release;
		};
		95BAC3161B6574F400767A8E /* Debug */ = {
			isa = XCBuildConfiguration;
			buildSettings = {
				ASSETCATALOG_COMPILER_APPICON_NAME = AppIcon;
				COMBINE_HIDPI_IMAGES = YES;
				INFOPLIST_FILE = RaiseMan/Info.plist;
				LD_RUNPATH_SEARCH_PATHS = "$(inherited) @executable_path/../Frameworks";
				PRODUCT_NAME = "$(TARGET_NAME)";
			};
			name = Debug;
		};
		95BAC3171B6574F400767A8E /* Release */ = {
			isa = XCBuildConfiguration;
			buildSettings = {
				ASSETCATALOG_COMPILER_APPICON_NAME = AppIcon;
				COMBINE_HIDPI_IMAGES = YES;
				INFOPLIST_FILE = RaiseMan/Info.plist;
				LD_RUNPATH_SEARCH_PATHS = "$(inherited) @executable_path/../Frameworks";
				PRODUCT_NAME = "$(TARGET_NAME)";
			};
			name = Release;
		};
		95BAC3191B6574F400767A8E /* Debug */ = {
			isa = XCBuildConfiguration;
			buildSettings = {
				BUNDLE_LOADER = "$(TEST_HOST)";
				COMBINE_HIDPI_IMAGES = YES;
				FRAMEWORK_SEARCH_PATHS = (
					"$(DEVELOPER_FRAMEWORKS_DIR)",
					"$(inherited)",
				);
				GCC_PREPROCESSOR_DEFINITIONS = (
					"DEBUG=1",
					"$(inherited)",
				);
				INFOPLIST_FILE = RaiseManTests/Info.plist;
				LD_RUNPATH_SEARCH_PATHS = "$(inherited) @executable_path/../Frameworks @loader_path/../Frameworks";
				PRODUCT_NAME = "$(TARGET_NAME)";
				TEST_HOST = "$(BUILT_PRODUCTS_DIR)/RaiseMan.app/Contents/MacOS/RaiseMan";
			};
			name = Debug;
		};
		95BAC31A1B6574F400767A8E /* Release */ = {
			isa = XCBuildConfiguration;
			buildSettings = {
				BUNDLE_LOADER = "$(TEST_HOST)";
				COMBINE_HIDPI_IMAGES = YES;
				FRAMEWORK_SEARCH_PATHS = (
					"$(DEVELOPER_FRAMEWORKS_DIR)",
					"$(inherited)",
				);
				INFOPLIST_FILE = RaiseManTests/Info.plist;
				LD_RUNPATH_SEARCH_PATHS = "$(inherited) @executable_path/../Frameworks @loader_path/../Frameworks";
				PRODUCT_NAME = "$(TARGET_NAME)";
				TEST_HOST = "$(BUILT_PRODUCTS_DIR)/RaiseMan.app/Contents/MacOS/RaiseMan";
			};
			name = Release;
		};
/* End XCBuildConfiguration section */

/* Begin XCConfigurationList section */
		95BAC2F11B6574F400767A8E /* Build configuration list for PBXProject "RaiseMan" */ = {
			isa = XCConfigurationList;
			buildConfigurations = (
				95BAC3131B6574F400767A8E /* Debug */,
				95BAC3141B6574F400767A8E /* Release */,
			);
			defaultConfigurationIsVisible = 0;
			defaultConfigurationName = Release;
		};
		95BAC3151B6574F400767A8E /* Build configuration list for PBXNativeTarget "RaiseMan" */ = {
			isa = XCConfigurationList;
			buildConfigurations = (
				95BAC3161B6574F400767A8E /* Debug */,
				95BAC3171B6574F400767A8E /* Release */,
			);
			defaultConfigurationIsVisible = 0;
			defaultConfigurationName = Release;
		};
		95BAC3181B6574F400767A8E /* Build configuration list for PBXNativeTarget "RaiseManTests" */ = {
			isa = XCConfigurationList;
			buildConfigurations = (
				95BAC3191B6574F400767A8E /* Debug */,
				95BAC31A1B6574F400767A8E /* Release */,
			);
			defaultConfigurationIsVisible = 0;
			defaultConfigurationName = Release;
		};
/* End XCConfigurationList section */
	};
	rootObject = 95BAC2EE1B6574F400767A8E /* Project object */;
}
